
Microsoft Visual Studio Solution File, Format Version 12.00
# Visual Studio Version 17
VisualStudioVersion = 17.5.33414.496
MinimumVisualStudioVersion = 10.0.40219.1
Project("{FAE04EC0-301F-11D3-BF4B-00C04F79EFBC}") = "WebApplicationApi", "WebApplicationApi\WebApplicationApi.csproj", "{A3551B26-ED5F-4625-8685-51F1BD5ACDC0}"
EndProject
Global
	GlobalSection(SolutionConfigurationPlatforms) = preSolution
		Debug|Any CPU = Debug|Any CPU
		Release|Any CPU = Release|Any CPU
	EndGlobalSection
	GlobalSection(ProjectConfigurationPlatforms) = postSolution
		{A3551B26-ED5F-4625-8685-51F1BD5ACDC0}.Debug|Any CPU.ActiveCfg = Debug|Any CPU
		{A3551B26-ED5F-4625-8685-51F1BD5ACDC0}.Debug|Any CPU.Build.0 = Debug|Any CPU
		{A3551B26-ED5F-4625-8685-51F1BD5ACDC0}.Release|Any CPU.ActiveCfg = Release|Any CPU
		{A3551B26-ED5F-4625-8685-51F1BD5ACDC0}.Release|Any CPU.Build.0 = Release|Any CPU
	EndGlobalSection
	GlobalSection(SolutionProperties) = preSolution
		HideSolutionNode = FALSE
	EndGlobalSection
	GlobalSection(ExtensibilityGlobals) = postSolution
		SolutionGuid = {126D0EFB-5D8E-4724-B52D-FF670E10ED0F}
	EndGlobalSection
EndGlobal
